
Microsoft Visual Studio Solution File, Format Version 12.00
# Visual Studio Version 17
VisualStudioVersion = 17.7.34009.444
MinimumVisualStudioVersion = 10.0.40219.1
Project("{9A19103F-16F7-4668-BE54-9A1E7A4F7556}") = "NumberToCurrencyConverter", "NumberToCurrencyConverter.csproj", "{3A78BF78-C376-4704-A11C-5CD34912A5AE}"
EndProject
Project("{FAE04EC0-301F-11D3-BF4B-00C04F79EFBC}") = "NumberToCurrencyConverterTest", "..\NumberToCurrencyConverterTest\NumberToCurrencyConverterTest.csproj", "{61C2C810-D708-43BD-91DB-D59FBDAED7F5}"
EndProject
Global
	GlobalSection(SolutionConfigurationPlatforms) = preSolution
		Debug|Any CPU = Debug|Any CPU
		Release|Any CPU = Release|Any CPU
	EndGlobalSection
	GlobalSection(ProjectConfigurationPlatforms) = postSolution
		{3A78BF78-C376-4704-A11C-5CD34912A5AE}.Debug|Any CPU.ActiveCfg = Debug|Any CPU
		{3A78BF78-C376-4704-A11C-5CD34912A5AE}.Debug|Any CPU.Build.0 = Debug|Any CPU
		{3A78BF78-C376-4704-A11C-5CD34912A5AE}.Release|Any CPU.ActiveCfg = Release|Any CPU
		{3A78BF78-C376-4704-A11C-5CD34912A5AE}.Release|Any CPU.Build.0 = Release|Any CPU
		{61C2C810-D708-43BD-91DB-D59FBDAED7F5}.Debug|Any CPU.ActiveCfg = Debug|Any CPU
		{61C2C810-D708-43BD-91DB-D59FBDAED7F5}.Debug|Any CPU.Build.0 = Debug|Any CPU
		{61C2C810-D708-43BD-91DB-D59FBDAED7F5}.Release|Any CPU.ActiveCfg = Release|Any CPU
		{61C2C810-D708-43BD-91DB-D59FBDAED7F5}.Release|Any CPU.Build.0 = Release|Any CPU
	EndGlobalSection
	GlobalSection(SolutionProperties) = preSolution
		HideSolutionNode = FALSE
	EndGlobalSection
	GlobalSection(ExtensibilityGlobals) = postSolution
		SolutionGuid = {952E191D-B45E-493E-AE61-1F23D0695B6F}
	EndGlobalSection
EndGlobal
